lockfileVersion: '9.0'

settings:
  autoInstallPeers: true
  excludeLinksFromLockfile: false

importers:

  .:
    dependencies:
      '@anthropic-ai/sandbox-runtime':
        specifier: 0.0.26
        version: 0.0.26

packages:

  '@anthropic-ai/sandbox-runtime@0.0.26':
    resolution: {integrity: sha512-DYV5LSsVMnzq0lbfaYMSpxZPUMAx4+hy343dRss+pVCLIfF62qOhxpYfZ5TmOk1GTDQm5f9wPprMNSStmnsV4w==}
    engines: {node: '>=18.0.0'}
    hasBin: true

  '@pondwader/socks5-server@1.0.10':
    resolution: {integrity: sha512-bQY06wzzR8D2+vVCUoBsr5QS2U6UgPUQRmErNwtsuI6vLcyRKkafjkr3KxbtGFf9aBBIV2mcvlsKD1UYaIV+sg==}

  '@types/lodash-es@4.17.12':
    resolution: {integrity: sha512-0NgftHUcV4v34VhXm8QBSftKVXtbkBG3ViCjs6+eJ5a6y6Mi/jiFGPc1sC7QK+9BFhWrURE3EOggmWaSxL9OzQ==}

  '@types/lodash@4.17.24':
    resolution: {integrity: sha512-gIW7lQLZbue7lRSWEFql49QJJWThrTFFeIMJdp3eH4tKoxm1OvEPg02rm4wCCSHS0cL3/Fizimb35b7k8atwsQ==}

  commander@12.1.0:
    resolution: {integrity: sha512-Vw8qHK3bZM9y/P10u3Vib8o/DdkvA2OtPtZvD871QKjy74Wj1WSKFILMPRPSdUSx5RFK1arlJzEtA4PkFgnbuA==}
    engines: {node: '>=18'}

  lodash-es@4.18.1:
    resolution: {integrity: sha512-J8xewKD/Gk22OZbhpOVSwcs60zhd95ESDwezOFuA3/099925PdHJ7OFHNTGtajL3AlZkykD32HykiMo+BIBI8A==}

  shell-quote@1.8.4:
    resolution: {integrity: sha512-VsC6n6vz1ihYYyZZwX7YZSF5l5x36ca17OC+a69h94YqB7X6XLwf+5MOgynYir2SLFUbl8gIYvBo8K8RoNQ6bQ==}
    engines: {node: '>= 0.4'}

  zod@3.25.76:
    resolution: {integrity: sha512-gzUt/qt81nXsFGKIFcC3YnfEAx5NkunCfnDlvuBSSFS02bcXu4Lmea0AFIUwbLWxWPx3d9p8S5QoaujKcNQxcQ==}

snapshots:

  '@anthropic-ai/sandbox-runtime@0.0.26':
    dependencies:
      '@pondwader/socks5-server': 1.0.10
      '@types/lodash-es': 4.17.12
      commander: 12.1.0
      lodash-es: 4.18.1
      shell-quote: 1.8.4
      zod: 3.25.76

  '@pondwader/socks5-server@1.0.10': {}

  '@types/lodash-es@4.17.12':
    dependencies:
      '@types/lodash': 4.17.24

  '@types/lodash@4.17.24': {}

  commander@12.1.0: {}

  lodash-es@4.18.1: {}

  shell-quote@1.8.4: {}

  zod@3.25.76: {}
